
Microsoft Visual Studio Solution File, Format Version 12.00
# Visual Studio 14
VisualStudioVersion = 14.0.25420.1
MinimumVisualStudioVersion = 10.0.40219.1
Project("{FAE04EC0-301F-11D3-BF4B-00C04F79EFBC}") = "Alien Annihilator", "Alien Annihilator\Alien Annihilator.csproj", "{1BDF9856-4DEF-4E3F-97BD-06D012526FBF}"
EndProject
Global
	GlobalSection(SolutionConfigurationPlatforms) = preSolution
		Debug|x86 = Debug|x86
		Release|x86 = Release|x86
	EndGlobalSection
	GlobalSection(ProjectConfigurationPlatforms) = postSolution
		{1BDF9856-4DEF-4E3F-97BD-06D012526FBF}.Debug|x86.ActiveCfg = Debug|x86
		{1BDF9856-4DEF-4E3F-97BD-06D012526FBF}.Debug|x86.Build.0 = Debug|x86
		{1BDF9856-4DEF-4E3F-97BD-06D012526FBF}.Release|x86.ActiveCfg = Release|x86
		{1BDF9856-4DEF-4E3F-97BD-06D012526FBF}.Release|x86.Build.0 = Release|x86
	EndGlobalSection
	GlobalSection(SolutionProperties) = preSolution
		HideSolutionNode = FALSE
	EndGlobalSection
EndGlobal
